
Microsoft Visual Studio Solution File, Format Version 12.00
# Visual Studio Version 16
VisualStudioVersion = 16.0.29409.12
MinimumVisualStudioVersion = 10.0.40219.1
Project("{FAE04EC0-301F-11D3-BF4B-00C04F79EFBC}") = "crossTask", "crossTask\crossTask.csproj", "{C0A20342-92D1-4C3A-A47B-A0111149089F}"
EndProject
Global
	GlobalSection(SolutionConfigurationPlatforms) = preSolution
		Debug|Any CPU = Debug|Any CPU
		Release|Any CPU = Release|Any CPU
	EndGlobalSection
	GlobalSection(ProjectConfigurationPlatforms) = postSolution
		{C0A20342-92D1-4C3A-A47B-A0111149089F}.Debug|Any CPU.ActiveCfg = Debug|Any CPU
		{C0A20342-92D1-4C3A-A47B-A0111149089F}.Debug|Any CPU.Build.0 = Debug|Any CPU
		{C0A20342-92D1-4C3A-A47B-A0111149089F}.Release|Any CPU.ActiveCfg = Release|Any CPU
		{C0A20342-92D1-4C3A-A47B-A0111149089F}.Release|Any CPU.Build.0 = Release|Any CPU
	EndGlobalSection
	GlobalSection(SolutionProperties) = preSolution
		HideSolutionNode = FALSE
	EndGlobalSection
	GlobalSection(ExtensibilityGlobals) = postSolution
		SolutionGuid = {3968124A-2E7B-44B6-86DE-3D8DEA0474F0}
	EndGlobalSection
EndGlobal
